PODS:
  - Firebase/Auth (6.33.0):
    - Firebase/CoreOnly
    - FirebaseAuth (~> 6.9.2)
  - Firebase/CoreOnly (6.33.0):
    - FirebaseCore (= 6.10.3)
  - firebase_auth (0.18.3):
    - Firebase/Auth (~> 6.33.0)
    - Firebase/CoreOnly (~> 6.33.0)
    - firebase_core
    - FlutterMacOS
  - firebase_core (0.5.2):
    - Firebase/CoreOnly (~> 6.33.0)
    - FlutterMacOS
  - FirebaseAuth (6.9.2):
    - FirebaseCore (~> 6.10)
    - GoogleUtilities/AppDelegateSwizzler (~> 6.7)
    - GoogleUtilities/Environment (~> 6.7)
    - GTMSessionFetcher/Core (~> 1.1)
  - FirebaseCore (6.10.3):
    - FirebaseCoreDiagnostics (~> 1.6)
    - GoogleUtilities/Environment (~> 6.7)
    - GoogleUtilities/Logger (~> 6.7)
  - FirebaseCoreDiagnostics (1.7.0):
    - GoogleDataTransport (~> 7.4)
    - GoogleUtilities/Environment (~> 6.7)
    - GoogleUtilities/Logger (~> 6.7)
    - nanopb (~> 1.30906.0)
  - flutter_web_auth (0.2.4):
    - FlutterMacOS
  - FlutterMacOS (1.0.0)
  - GoogleDataTransport (7.5.1):
    - nanopb (~> 1.30906.0)
  - GoogleUtilities/AppDelegateSwizzler (6.7.2):
    - GoogleUtilities/Environment
    - GoogleUtilities/Logger
    - GoogleUtilities/Network
  - GoogleUtilities/Environment (6.7.2):
    - PromisesObjC (~> 1.2)
  - GoogleUtilities/Logger (6.7.2):
    - GoogleUtilities/Environment
  - GoogleUtilities/Network (6.7.2):
    - GoogleUtilities/Logger
    - "GoogleUtilities/NSData+zlib"
    - GoogleUtilities/Reachability
  - "GoogleUtilities/NSData+zlib (6.7.2)"
  - GoogleUtilities/Reachability (6.7.2):
    - GoogleUtilities/Logger
  - GTMSessionFetcher/Core (1.5.0)
  - nanopb (1.30906.0):
    - nanopb/decode (= 1.30906.0)
    - nanopb/encode (= 1.30906.0)
  - nanopb/decode (1.30906.0)
  - nanopb/encode (1.30906.0)
  - PromisesObjC (1.2.11)
  - simple_auth_flutter (0.0.1):
    - FlutterMacOS

DEPENDENCIES:
  - firebase_auth (from `Flutter/ephemeral/.symlinks/plugins/firebase_auth/macos`)
  - firebase_core (from `Flutter/ephemeral/.symlinks/plugins/firebase_core/macos`)
  - flutter_web_auth (from `Flutter/ephemeral/.symlinks/plugins/flutter_web_auth/macos`)
  - FlutterMacOS (from `Flutter/ephemeral/.symlinks/flutter/darwin-x64`)
  - simple_auth_flutter (from `Flutter/ephemeral/.symlinks/plugins/simple_auth_flutter/macos`)

SPEC REPOS:
  trunk:
    - Firebase
    - FirebaseAuth
    - FirebaseCore
    - FirebaseCoreDiagnostics
    - GoogleDataTransport
    - GoogleUtilities
    - GTMSessionFetcher
    - nanopb
    - PromisesObjC

EXTERNAL SOURCES:
  firebase_auth:
    :path: Flutter/ephemeral/.symlinks/plugins/firebase_auth/macos
  firebase_core:
    :path: Flutter/ephemeral/.symlinks/plugins/firebase_core/macos
  flutter_web_auth:
    :path: Flutter/ephemeral/.symlinks/plugins/flutter_web_auth/macos
  FlutterMacOS:
    :path: Flutter/ephemeral/.symlinks/flutter/darwin-x64
  simple_auth_flutter:
    :path: Flutter/ephemeral/.symlinks/plugins/simple_auth_flutter/macos

SPEC CHECKSUMS:
  Firebase: 8db6f2d1b2c5e2984efba4949a145875a8f65fe5
  firebase_auth: 82ab59e69631e265d24c87b9e964fcd1bde4ea33
  firebase_core: 3cf644c3c5fe191b680a91658486c3f3da62a23f
  FirebaseAuth: c92d49ada7948d1a23466e3db17bc4c2039dddc3
  FirebaseCore: d889d9e12535b7f36ac8bfbf1713a0836a3012cd
  FirebaseCoreDiagnostics: 770ac5958e1372ce67959ae4b4f31d8e127c3ac1
  flutter_web_auth: 2c46f02fe2fde0a2d852c9fe090fe499fcf91a58
  FlutterMacOS: 15bea8a44d2fa024068daa0140371c020b4b6ff9
  GoogleDataTransport: f56af7caa4ed338dc8e138a5d7c5973e66440833
  GoogleUtilities: 7f2f5a07f888cdb145101d6042bc4422f57e70b3
  GTMSessionFetcher: b3503b20a988c4e20cc189aa798fd18220133f52
  nanopb: 59317e09cf1f1a0af72f12af412d54edf52603fc
  PromisesObjC: 8c196f5a328c2cba3e74624585467a557dcb482f
  simple_auth_flutter: d15087ac79e3af1b83682df957648a24e0cad23d

PODFILE CHECKSUM: 882fce9150893cd66c23bbd28a572b3439b8ac6d

COCOAPODS: 1.10.0
